// !$*UTF8*$!
{
	archiveVersion = 1;
	classes = {
	};
	objectVersion = 56;
	objects = {

/* Begin PBXBuildFile section */
		050F22AD2B28A8C000632451 /* TodayExpenseListRowView.swift in Sources */ = {isa = PBXBuildFile; fileRef = 050F22AC2B28A8C000632451 /* TodayExpenseListRowView.swift */; };
		0519DA862C340FF100978EED /* SFSymbolManager.swift in Sources */ = {isa = PBXBuildFile; fileRef = 0519DA852C340FF100978EED /* SFSymbolManager.swift */; };
		0519DA882C34465D00978EED /* Inflection.swift in Sources */ = {isa = PBXBuildFile; fileRef = 0519DA872C34465D00978EED /* Inflection.swift */; };
		051C99BB2ADD836000B60C65 /* ExpenseLogApp.swift in Sources */ = {isa = PBXBuildFile; fileRef = 051C99BA2ADD836000B60C65 /* ExpenseLogApp.swift */; };
		051C99BD2ADD836000B60C65 /* ContentView.swift in Sources */ = {isa = PBXBuildFile; fileRef = 051C99BC2ADD836000B60C65 /* ContentView.swift */; };
		051C99BF2ADD836000B60C65 /* Assets.xcassets in Resources */ = {isa = PBXBuildFile; fileRef = 051C99BE2ADD836000B60C65 /* Assets.xcassets */; };
		051C99C22ADD836000B60C65 /* Preview Assets.xcassets in Resources */ = {isa = PBXBuildFile; fileRef = 051C99C12ADD836000B60C65 /* Preview Assets.xcassets */; };
		051C99CC2ADD836000B60C65 /* ExpenseLogTests.swift in Sources */ = {isa = PBXBuildFile; fileRef = 051C99CB2ADD836000B60C65 /* ExpenseLogTests.swift */; };
		051C99D62ADD836000B60C65 /* ExpenseLogUITests.swift in Sources */ = {isa = PBXBuildFile; fileRef = 051C99D52ADD836000B60C65 /* ExpenseLogUITests.swift */; };
		051C99D82ADD836000B60C65 /* ExpenseLogUITestsLaunchTests.swift in Sources */ = {isa = PBXBuildFile; fileRef = 051C99D72ADD836000B60C65 /* ExpenseLogUITestsLaunchTests.swift */; };
		05528CFC2BAF5BF400DE277B /* ToggleView.swift in Sources */ = {isa = PBXBuildFile; fileRef = 05528CFB2BAF5BF400DE277B /* ToggleView.swift */; };
		05528CFE2BAF63EE00DE277B /* SettingKeys.swift in Sources */ = {isa = PBXBuildFile; fileRef = 05528CFD2BAF63EE00DE277B /* SettingKeys.swift */; };
		05528D002BB1DA4600DE277B /* AboutScreen.swift in Sources */ = {isa = PBXBuildFile; fileRef = 05528CFF2BB1DA4600DE277B /* AboutScreen.swift */; };
		05528D022BB1DD1F00DE277B /* ManageDataScreen.swift in Sources */ = {isa = PBXBuildFile; fileRef = 05528D012BB1DD1F00DE277B /* ManageDataScreen.swift */; };
		05586D832BD18F890029A4A3 /* CurrencyManager.swift in Sources */ = {isa = PBXBuildFile; fileRef = 05586D822BD18F890029A4A3 /* CurrencyManager.swift */; };
		0559A1282B27311500001FCD /* TodayExpenseSectionHeader.swift in Sources */ = {isa = PBXBuildFile; fileRef = 0559A1272B27311500001FCD /* TodayExpenseSectionHeader.swift */; };
		0559A12A2B27312C00001FCD /* TodayExpenseSectionFooter.swift in Sources */ = {isa = PBXBuildFile; fileRef = 0559A1292B27312C00001FCD /* TodayExpenseSectionFooter.swift */; };
		055DE4802C32C61700605547 /* ExpenseDetailTextView.swift in Sources */ = {isa = PBXBuildFile; fileRef = 055DE47F2C32C61700605547 /* ExpenseDetailTextView.swift */; };
		05765C0A2B6D3C87005D2DA9 /* FilteringHistory.swift in Sources */ = {isa = PBXBuildFile; fileRef = 05765C092B6D3C87005D2DA9 /* FilteringHistory.swift */; };
		0583888E2B7E5988005AC0BB /* ExpenseDetailsView.swift in Sources */ = {isa = PBXBuildFile; fileRef = 0583888D2B7E5988005AC0BB /* ExpenseDetailsView.swift */; };
		058740042BA1967900C5B4F9 /* StepperWithTextFieldView.swift in Sources */ = {isa = PBXBuildFile; fileRef = 058740032BA1967900C5B4F9 /* StepperWithTextFieldView.swift */; };
		058740062BAB2DD800C5B4F9 /* ExpenseEditScreen.swift in Sources */ = {isa = PBXBuildFile; fileRef = 058740052BAB2DD800C5B4F9 /* ExpenseEditScreen.swift */; };
		058740082BAB2E6D00C5B4F9 /* ExpenseFormView.swift in Sources */ = {isa = PBXBuildFile; fileRef = 058740072BAB2E6D00C5B4F9 /* ExpenseFormView.swift */; };
		0587400A2BAC974F00C5B4F9 /* ShowOrHideSectionsView.swift in Sources */ = {isa = PBXBuildFile; fileRef = 058740092BAC974F00C5B4F9 /* ShowOrHideSectionsView.swift */; };
		0587400C2BACBA8000C5B4F9 /* ExpenseParameters.swift in Sources */ = {isa = PBXBuildFile; fileRef = 0587400B2BACBA8000C5B4F9 /* ExpenseParameters.swift */; };
		058EBB852BB1E2E900AA2871 /* FeedbackForm.swift in Sources */ = {isa = PBXBuildFile; fileRef = 058EBB842BB1E2E900AA2871 /* FeedbackForm.swift */; };
		0590F99F2C49567500A699F5 /* Locale+Ext.swift in Sources */ = {isa = PBXBuildFile; fileRef = 0590F99E2C49567500A699F5 /* Locale+Ext.swift */; };
		059BA5F62BF7FC89009C9AF8 /* MigrationToISO8601.swift in Sources */ = {isa = PBXBuildFile; fileRef = 059BA5F52BF7FC89009C9AF8 /* MigrationToISO8601.swift */; };
		05A637502ADEE36F00C47313 /* TodayTabView.swift in Sources */ = {isa = PBXBuildFile; fileRef = 05A6374F2ADEE36F00C47313 /* TodayTabView.swift */; };
		05A637522ADEE3A000C47313 /* HistoryTabView.swift in Sources */ = {isa = PBXBuildFile; fileRef = 05A637512ADEE3A000C47313 /* HistoryTabView.swift */; };
		05A637542ADEE3B500C47313 /* SettingsTabView.swift in Sources */ = {isa = PBXBuildFile; fileRef = 05A637532ADEE3B500C47313 /* SettingsTabView.swift */; };
		05AC0DAE2B61572500DE0F0D /* Date+Ext.swift in Sources */ = {isa = PBXBuildFile; fileRef = 05AC0DAD2B61572500DE0F0D /* Date+Ext.swift */; };
		05AC0DB02B61574E00DE0F0D /* Decimal+Ext.swift in Sources */ = {isa = PBXBuildFile; fileRef = 05AC0DAF2B61574E00DE0F0D /* Decimal+Ext.swift */; };
		05B842B12B7121D80015DD14 /* ExpenseListView.swift in Sources */ = {isa = PBXBuildFile; fileRef = 05B842B02B7121D80015DD14 /* ExpenseListView.swift */; };
		05CC27A32B17996200D47F4D /* CurrencyPicker.swift in Sources */ = {isa = PBXBuildFile; fileRef = 05CC27A22B17996200D47F4D /* CurrencyPicker.swift */; };
		05D3ADB22B1E1DE80023A0E3 /* ExpenseEntityExtension.swift in Sources */ = {isa = PBXBuildFile; fileRef = 05D3ADB12B1E1DE80023A0E3 /* ExpenseEntityExtension.swift */; };
		05D3ADB42B1F4FEB0023A0E3 /* TodaysExpensesView.swift in Sources */ = {isa = PBXBuildFile; fileRef = 05D3ADB32B1F4FEB0023A0E3 /* TodaysExpensesView.swift */; };
		05D3ADB62B24B1480023A0E3 /* TodayEmptyView.swift in Sources */ = {isa = PBXBuildFile; fileRef = 05D3ADB52B24B1480023A0E3 /* TodayEmptyView.swift */; };
		05D3ADB82B24B2020023A0E3 /* CurrentDayExpenses.swift in Sources */ = {isa = PBXBuildFile; fileRef = 05D3ADB72B24B2020023A0E3 /* CurrentDayExpenses.swift */; };
		05D961192C502B7400207FEA /* DateSelectionView.swift in Sources */ = {isa = PBXBuildFile; fileRef = 05D961182C502B7400207FEA /* DateSelectionView.swift */; };
		05D9611B2C5133C600207FEA /* ExpenseRowView.swift in Sources */ = {isa = PBXBuildFile; fileRef = 05D9611A2C5133C600207FEA /* ExpenseRowView.swift */; };
		05D9611D2C53D66200207FEA /* FeedbackFormView.swift in Sources */ = {isa = PBXBuildFile; fileRef = 05D9611C2C53D66200207FEA /* FeedbackFormView.swift */; };
		05D9611F2C53DA0A00207FEA /* WebView.swift in Sources */ = {isa = PBXBuildFile; fileRef = 05D9611E2C53DA0A00207FEA /* WebView.swift */; };
		05D961232C53F4B900207FEA /* DeletedExpensesView.swift in Sources */ = {isa = PBXBuildFile; fileRef = 05D961222C53F4B900207FEA /* DeletedExpensesView.swift */; };
		05F2AEA32B04CE7600AE7C7F /* ExpenseLogContainer.swift in Sources */ = {isa = PBXBuildFile; fileRef = 05F2AEA22B04CE7600AE7C7F /* ExpenseLogContainer.swift */; };
		05F2AEAB2B04F2B100AE7C7F /* ExpensesDataModel.xcdatamodeld in Sources */ = {isa = PBXBuildFile; fileRef = 05F2AEA92B04F2B100AE7C7F /* ExpensesDataModel.xcdatamodeld */; };
		05F2AEAF2B050D9400AE7C7F /* ExpenseEntryView.swift in Sources */ = {isa = PBXBuildFile; fileRef = 05F2AEAE2B050D9400AE7C7F /* ExpenseEntryView.swift */; };
		05FF4A672BC01789007F2CF5 /* Settings.swift in Sources */ = {isa = PBXBuildFile; fileRef = 05FF4A662BC01789007F2CF5 /* Settings.swift */; };
		05FF4A692BC035E1007F2CF5 /* HistoryEmptyScreen.swift in Sources */ = {isa = PBXBuildFile; fileRef = 05FF4A682BC035E1007F2CF5 /* HistoryEmptyScreen.swift */; };
/* End PBXBuildFile section */

/* Begin PBXContainerItemProxy section */
		051C99C82ADD836000B60C65 /* PBXContainerItemProxy */ = {
			isa = PBXContainerItemProxy;
			containerPortal = 051C99AF2ADD835F00B60C65 /* Project object */;
			proxyType = 1;
			remoteGlobalIDString = 051C99B62ADD836000B60C65;
			remoteInfo = ExpenseLog;
		};
		051C99D22ADD836000B60C65 /* PBXContainerItemProxy */ = {
			isa = PBXContainerItemProxy;
			containerPortal = 051C99AF2ADD835F00B60C65 /* Project object */;
			proxyType = 1;
			remoteGlobalIDString = 051C99B62ADD836000B60C65;
			remoteInfo = ExpenseLog;
		};
/* End PBXContainerItemProxy section */

/* Begin PBXFileReference section */
		050F22AC2B28A8C000632451 /* TodayExpenseListRowView.swift */ = {isa = PBXFileReference; lastKnownFileType = sourcecode.swift; path = TodayExpenseListRowView.swift; sourceTree = "<group>"; };
		0519DA852C340FF100978EED /* SFSymbolManager.swift */ = {isa = PBXFileReference; lastKnownFileType = sourcecode.swift; path = SFSymbolManager.swift; sourceTree = "<group>"; };
		0519DA872C34465D00978EED /* Inflection.swift */ = {isa = PBXFileReference; lastKnownFileType = sourcecode.swift; path = Inflection.swift; sourceTree = "<group>"; };
		051C99B72ADD836000B60C65 /* ExpenseLog.app */ = {isa = PBXFileReference; explicitFileType = wrapper.application; includeInIndex = 0; path = ExpenseLog.app; sourceTree = BUILT_PRODUCTS_DIR; };
		051C99BA2ADD836000B60C65 /* ExpenseLogApp.swift */ = {isa = PBXFileReference; lastKnownFileType = sourcecode.swift; path = ExpenseLogApp.swift; sourceTree = "<group>"; };
		051C99BC2ADD836000B60C65 /* ContentView.swift */ = {isa = PBXFileReference; lastKnownFileType = sourcecode.swift; path = ContentView.swift; sourceTree = "<group>"; };
		051C99BE2ADD836000B60C65 /* Assets.xcassets */ = {isa = PBXFileReference; lastKnownFileType = folder.assetcatalog; path = Assets.xcassets; sourceTree = "<group>"; };
		051C99C12ADD836000B60C65 /* Preview Assets.xcassets */ = {isa = PBXFileReference; lastKnownFileType = folder.assetcatalog; path = "Preview Assets.xcassets"; sourceTree = "<group>"; };
		051C99C72ADD836000B60C65 /* ExpenseLogTests.xctest */ = {isa = PBXFileReference; explicitFileType = wrapper.cfbundle; includeInIndex = 0; path = ExpenseLogTests.xctest; sourceTree = BUILT_PRODUCTS_DIR; };
		051C99CB2ADD836000B60C65 /* ExpenseLogTests.swift */ = {isa = PBXFileReference; lastKnownFileType = sourcecode.swift; path = ExpenseLogTests.swift; sourceTree = "<group>"; };
		051C99D12ADD836000B60C65 /* ExpenseLogUITests.xctest */ = {isa = PBXFileReference; explicitFileType = wrapper.cfbundle; includeInIndex = 0; path = ExpenseLogUITests.xctest; sourceTree = BUILT_PRODUCTS_DIR; };
		051C99D52ADD836000B60C65 /* ExpenseLogUITests.swift */ = {isa = PBXFileReference; lastKnownFileType = sourcecode.swift; path = ExpenseLogUITests.swift; sourceTree = "<group>"; };
		051C99D72ADD836000B60C65 /* ExpenseLogUITestsLaunchTests.swift */ = {isa = PBXFileReference; lastKnownFileType = sourcecode.swift; path = ExpenseLogUITestsLaunchTests.swift; sourceTree = "<group>"; };
		05528CFB2BAF5BF400DE277B /* ToggleView.swift */ = {isa = PBXFileReference; lastKnownFileType = sourcecode.swift; path = ToggleView.swift; sourceTree = "<group>"; };
		05528CFD2BAF63EE00DE277B /* SettingKeys.swift */ = {isa = PBXFileReference; lastKnownFileType = sourcecode.swift; path = SettingKeys.swift; sourceTree = "<group>"; };
		05528CFF2BB1DA4600DE277B /* AboutScreen.swift */ = {isa = PBXFileReference; lastKnownFileType = sourcecode.swift; path = AboutScreen.swift; sourceTree = "<group>"; };
		05528D012BB1DD1F00DE277B /* ManageDataScreen.swift */ = {isa = PBXFileReference; lastKnownFileType = sourcecode.swift; path = ManageDataScreen.swift; sourceTree = "<group>"; };
		05586D822BD18F890029A4A3 /* CurrencyManager.swift */ = {isa = PBXFileReference; lastKnownFileType = sourcecode.swift; path = CurrencyManager.swift; sourceTree = "<group>"; };
		0559A1272B27311500001FCD /* TodayExpenseSectionHeader.swift */ = {isa = PBXFileReference; lastKnownFileType = sourcecode.swift; path = TodayExpenseSectionHeader.swift; sourceTree = "<group>"; };
		0559A1292B27312C00001FCD /* TodayExpenseSectionFooter.swift */ = {isa = PBXFileReference; lastKnownFileType = sourcecode.swift; path = TodayExpenseSectionFooter.swift; sourceTree = "<group>"; };
		055DE47F2C32C61700605547 /* ExpenseDetailTextView.swift */ = {isa = PBXFileReference; lastKnownFileType = sourcecode.swift; path = ExpenseDetailTextView.swift; sourceTree = "<group>"; };
		05765C092B6D3C87005D2DA9 /* FilteringHistory.swift */ = {isa = PBXFileReference; lastKnownFileType = sourcecode.swift; path = FilteringHistory.swift; sourceTree = "<group>"; };
		0583888D2B7E5988005AC0BB /* ExpenseDetailsView.swift */ = {isa = PBXFileReference; lastKnownFileType = sourcecode.swift; path = ExpenseDetailsView.swift; sourceTree = "<group>"; };
		058740032BA1967900C5B4F9 /* StepperWithTextFieldView.swift */ = {isa = PBXFileReference; lastKnownFileType = sourcecode.swift; path = StepperWithTextFieldView.swift; sourceTree = "<group>"; };
		058740052BAB2DD800C5B4F9 /* ExpenseEditScreen.swift */ = {isa = PBXFileReference; lastKnownFileType = sourcecode.swift; name = ExpenseEditScreen.swift; path = ExpenseLog/Views/ExpenseEditScreen.swift; sourceTree = SOURCE_ROOT; };
		058740072BAB2E6D00C5B4F9 /* ExpenseFormView.swift */ = {isa = PBXFileReference; lastKnownFileType = sourcecode.swift; name = ExpenseFormView.swift; path = ExpenseLog/Views/ExpenseFormView.swift; sourceTree = SOURCE_ROOT; };
		058740092BAC974F00C5B4F9 /* ShowOrHideSectionsView.swift */ = {isa = PBXFileReference; lastKnownFileType = sourcecode.swift; path = ShowOrHideSectionsView.swift; sourceTree = "<group>"; };
		0587400B2BACBA8000C5B4F9 /* ExpenseParameters.swift */ = {isa = PBXFileReference; lastKnownFileType = sourcecode.swift; path = ExpenseParameters.swift; sourceTree = "<group>"; };
		058EBB842BB1E2E900AA2871 /* FeedbackForm.swift */ = {isa = PBXFileReference; lastKnownFileType = sourcecode.swift; path = FeedbackForm.swift; sourceTree = "<group>"; };
		0590F99E2C49567500A699F5 /* Locale+Ext.swift */ = {isa = PBXFileReference; lastKnownFileType = sourcecode.swift; path = "Locale+Ext.swift"; sourceTree = "<group>"; };
		059BA5F52BF7FC89009C9AF8 /* MigrationToISO8601.swift */ = {isa = PBXFileReference; lastKnownFileType = sourcecode.swift; path = MigrationToISO8601.swift; sourceTree = "<group>"; };
		05A6374F2ADEE36F00C47313 /* TodayTabView.swift */ = {isa = PBXFileReference; lastKnownFileType = sourcecode.swift; path = TodayTabView.swift; sourceTree = "<group>"; };
		05A637512ADEE3A000C47313 /* HistoryTabView.swift */ = {isa = PBXFileReference; lastKnownFileType = sourcecode.swift; path = HistoryTabView.swift; sourceTree = "<group>"; };
		05A637532ADEE3B500C47313 /* SettingsTabView.swift */ = {isa = PBXFileReference; lastKnownFileType = sourcecode.swift; path = SettingsTabView.swift; sourceTree = "<group>"; };
		05AC0DAD2B61572500DE0F0D /* Date+Ext.swift */ = {isa = PBXFileReference; lastKnownFileType = sourcecode.swift; path = "Date+Ext.swift"; sourceTree = "<group>"; };
		05AC0DAF2B61574E00DE0F0D /* Decimal+Ext.swift */ = {isa = PBXFileReference; lastKnownFileType = sourcecode.swift; path = "Decimal+Ext.swift"; sourceTree = "<group>"; };
		05B842B02B7121D80015DD14 /* ExpenseListView.swift */ = {isa = PBXFileReference; lastKnownFileType = sourcecode.swift; path = ExpenseListView.swift; sourceTree = "<group>"; };
		05CC27A22B17996200D47F4D /* CurrencyPicker.swift */ = {isa = PBXFileReference; lastKnownFileType = sourcecode.swift; path = CurrencyPicker.swift; sourceTree = "<group>"; };
		05D3ADB12B1E1DE80023A0E3 /* ExpenseEntityExtension.swift */ = {isa = PBXFileReference; lastKnownFileType = sourcecode.swift; path = ExpenseEntityExtension.swift; sourceTree = "<group>"; };
		05D3ADB32B1F4FEB0023A0E3 /* TodaysExpensesView.swift */ = {isa = PBXFileReference; lastKnownFileType = sourcecode.swift; path = TodaysExpensesView.swift; sourceTree = "<group>"; };
		05D3ADB52B24B1480023A0E3 /* TodayEmptyView.swift */ = {isa = PBXFileReference; lastKnownFileType = sourcecode.swift; path = TodayEmptyView.swift; sourceTree = "<group>"; };
		05D3ADB72B24B2020023A0E3 /* CurrentDayExpenses.swift */ = {isa = PBXFileReference; lastKnownFileType = sourcecode.swift; path = CurrentDayExpenses.swift; sourceTree = "<group>"; };
		05D961182C502B7400207FEA /* DateSelectionView.swift */ = {isa = PBXFileReference; lastKnownFileType = sourcecode.swift; path = DateSelectionView.swift; sourceTree = "<group>"; };
		05D9611A2C5133C600207FEA /* ExpenseRowView.swift */ = {isa = PBXFileReference; lastKnownFileType = sourcecode.swift; path = ExpenseRowView.swift; sourceTree = "<group>"; };
		05D9611C2C53D66200207FEA /* FeedbackFormView.swift */ = {isa = PBXFileReference; lastKnownFileType = sourcecode.swift; path = FeedbackFormView.swift; sourceTree = "<group>"; };
		05D9611E2C53DA0A00207FEA /* WebView.swift */ = {isa = PBXFileReference; lastKnownFileType = sourcecode.swift; path = WebView.swift; sourceTree = "<group>"; };
		05D961222C53F4B900207FEA /* DeletedExpensesView.swift */ = {isa = PBXFileReference; lastKnownFileType = sourcecode.swift; path = DeletedExpensesView.swift; sourceTree = "<group>"; };
		05F2AEA22B04CE7600AE7C7F /* ExpenseLogContainer.swift */ = {isa = PBXFileReference; lastKnownFileType = sourcecode.swift; path = ExpenseLogContainer.swift; sourceTree = "<group>"; };
		05F2AEAA2B04F2B100AE7C7F /* ExpensesDataModel.xcdatamodel */ = {isa = PBXFileReference; lastKnownFileType = wrapper.xcdatamodel; path = ExpensesDataModel.xcdatamodel; sourceTree = "<group>"; };
		05F2AEAE2B050D9400AE7C7F /* ExpenseEntryView.swift */ = {isa = PBXFileReference; lastKnownFileType = sourcecode.swift; path = ExpenseEntryView.swift; sourceTree = "<group>"; };
		05FF4A662BC01789007F2CF5 /* Settings.swift */ = {isa = PBXFileReference; lastKnownFileType = sourcecode.swift; path = Settings.swift; sourceTree = "<group>"; };
		05FF4A682BC035E1007F2CF5 /* HistoryEmptyScreen.swift */ = {isa = PBXFileReference; lastKnownFileType = sourcecode.swift; path = HistoryEmptyScreen.swift; sourceTree = "<group>"; };
/* End PBXFileReference section */

/* Begin PBXFrameworksBuildPhase section */
		051C99B42ADD836000B60C65 /* Frameworks */ = {
			isa = PBXFrameworksBuildPhase;
			buildActionMask = 2147483647;
			files = (
			);
			runOnlyForDeploymentPostprocessing = 0;
		};
		051C99C42ADD836000B60C65 /* Frameworks */ = {
			isa = PBXFrameworksBuildPhase;
			buildActionMask = 2147483647;
			files = (
			);
			runOnlyForDeploymentPostprocessing = 0;
		};
		051C99CE2ADD836000B60C65 /* Frameworks */ = {
			isa = PBXFrameworksBuildPhase;
			buildActionMask = 2147483647;
			files = (
			);
			runOnlyForDeploymentPostprocessing = 0;
		};
/* End PBXFrameworksBuildPhase section */

/* Begin PBXGroup section */
		051C99AE2ADD835F00B60C65 = {
			isa = PBXGroup;
			children = (
				051C99B92ADD836000B60C65 /* ExpenseLog */,
				051C99CA2ADD836000B60C65 /* ExpenseLogTests */,
				051C99D42ADD836000B60C65 /* ExpenseLogUITests */,
				051C99B82ADD836000B60C65 /* Products */,
			);
			sourceTree = "<group>";
		};
		051C99B82ADD836000B60C65 /* Products */ = {
			isa = PBXGroup;
			children = (
				051C99B72ADD836000B60C65 /* ExpenseLog.app */,
				051C99C72ADD836000B60C65 /* ExpenseLogTests.xctest */,
				051C99D12ADD836000B60C65 /* ExpenseLogUITests.xctest */,
			);
			name = Products;
			sourceTree = "<group>";
		};
		051C99B92ADD836000B60C65 /* ExpenseLog */ = {
			isa = PBXGroup;
			children = (
				051C99BA2ADD836000B60C65 /* ExpenseLogApp.swift */,
				056D40EB2AE2AC2500DC628F /* Model */,
				05B13EA02B34CA9900214F10 /* Views */,
				051C99BE2ADD836000B60C65 /* Assets.xcassets */,
				051C99C02ADD836000B60C65 /* Preview Content */,
				05AC0DAC2B61570300DE0F0D /* Extensions */,
				053140C52B506609002E90D9 /* Experiments */,
			);
			path = ExpenseLog;
			sourceTree = "<group>";
		};
		051C99C02ADD836000B60C65 /* Preview Content */ = {
			isa = PBXGroup;
			children = (
				051C99C12ADD836000B60C65 /* Preview Assets.xcassets */,
			);
			path = "Preview Content";
			sourceTree = "<group>";
		};
		051C99CA2ADD836000B60C65 /* ExpenseLogTests */ = {
			isa = PBXGroup;
			children = (
				051C99CB2ADD836000B60C65 /* ExpenseLogTests.swift */,
			);
			path = ExpenseLogTests;
			sourceTree = "<group>";
		};
		051C99D42ADD836000B60C65 /* ExpenseLogUITests */ = {
			isa = PBXGroup;
			children = (
				051C99D52ADD836000B60C65 /* ExpenseLogUITests.swift */,
				051C99D72ADD836000B60C65 /* ExpenseLogUITestsLaunchTests.swift */,
			);
			path = ExpenseLogUITests;
			sourceTree = "<group>";
		};
		053140C42B506514002E90D9 /* TodayViews */ = {
			isa = PBXGroup;
			children = (
				05A6374F2ADEE36F00C47313 /* TodayTabView.swift */,
				050F22AC2B28A8C000632451 /* TodayExpenseListRowView.swift */,
				05D3ADB52B24B1480023A0E3 /* TodayEmptyView.swift */,
				0559A1272B27311500001FCD /* TodayExpenseSectionHeader.swift */,
				0559A1292B27312C00001FCD /* TodayExpenseSectionFooter.swift */,
			);
			path = TodayViews;
			sourceTree = "<group>";
		};
		053140C52B506609002E90D9 /* Experiments */ = {
			isa = PBXGroup;
			children = (
				05D3ADB32B1F4FEB0023A0E3 /* TodaysExpensesView.swift */,
				05D3ADB72B24B2020023A0E3 /* CurrentDayExpenses.swift */,
				05CC27A22B17996200D47F4D /* CurrencyPicker.swift */,
				05765C092B6D3C87005D2DA9 /* FilteringHistory.swift */,
				059BA5F52BF7FC89009C9AF8 /* MigrationToISO8601.swift */,
				0519DA872C34465D00978EED /* Inflection.swift */,
			);
			path = Experiments;
			sourceTree = "<group>";
		};
		056D40EB2AE2AC2500DC628F /* Model */ = {
			isa = PBXGroup;
			children = (
				05F2AEA92B04F2B100AE7C7F /* ExpensesDataModel.xcdatamodeld */,
				05F2AEA22B04CE7600AE7C7F /* ExpenseLogContainer.swift */,
				05D3ADB12B1E1DE80023A0E3 /* ExpenseEntityExtension.swift */,
				0587400B2BACBA8000C5B4F9 /* ExpenseParameters.swift */,
				0519DA852C340FF100978EED /* SFSymbolManager.swift */,
				05586D822BD18F890029A4A3 /* CurrencyManager.swift */,
				05528CFD2BAF63EE00DE277B /* SettingKeys.swift */,
				05FF4A662BC01789007F2CF5 /* Settings.swift */,
			);
			path = Model;
			sourceTree = "<group>";
		};
		05AC0DAC2B61570300DE0F0D /* Extensions */ = {
			isa = PBXGroup;
			children = (
				05AC0DAD2B61572500DE0F0D /* Date+Ext.swift */,
				05AC0DAF2B61574E00DE0F0D /* Decimal+Ext.swift */,
				0590F99E2C49567500A699F5 /* Locale+Ext.swift */,
			);
			path = Extensions;
			sourceTree = "<group>";
		};
		05B13EA02B34CA9900214F10 /* Views */ = {
			isa = PBXGroup;
			children = (
				05D961172C4A927400207FEA /* CustomViews */,
				051C99BC2ADD836000B60C65 /* ContentView.swift */,
				05D961162C4A833B00207FEA /* ExpenseDetails */,
				058740072BAB2E6D00C5B4F9 /* ExpenseFormView.swift */,
				05F2AEAE2B050D9400AE7C7F /* ExpenseEntryView.swift */,
				058740052BAB2DD800C5B4F9 /* ExpenseEditScreen.swift */,
				05528CFF2BB1DA4600DE277B /* AboutScreen.swift */,
				05B842B02B7121D80015DD14 /* ExpenseListView.swift */,
				05A637512ADEE3A000C47313 /* HistoryTabView.swift */,
				05A637532ADEE3B500C47313 /* SettingsTabView.swift */,
				058EBB842BB1E2E900AA2871 /* FeedbackForm.swift */,
				05D9611C2C53D66200207FEA /* FeedbackFormView.swift */,
				05D9611E2C53DA0A00207FEA /* WebView.swift */,
				05528D012BB1DD1F00DE277B /* ManageDataScreen.swift */,
				058740092BAC974F00C5B4F9 /* ShowOrHideSectionsView.swift */,
				05528CFB2BAF5BF400DE277B /* ToggleView.swift */,
				05FF4A682BC035E1007F2CF5 /* HistoryEmptyScreen.swift */,
				053140C42B506514002E90D9 /* TodayViews */,
				05D961182C502B7400207FEA /* DateSelectionView.swift */,
				05D9611A2C5133C600207FEA /* ExpenseRowView.swift */,
				05D961222C53F4B900207FEA /* DeletedExpensesView.swift */,
			);
			path = Views;
			sourceTree = "<group>";
		};
		05D961162C4A833B00207FEA /* ExpenseDetails */ = {
			isa = PBXGroup;
			children = (
				0583888D2B7E5988005AC0BB /* ExpenseDetailsView.swift */,
				055DE47F2C32C61700605547 /* ExpenseDetailTextView.swift */,
			);
			path = ExpenseDetails;
			sourceTree = "<group>";
		};
		05D961172C4A927400207FEA /* CustomViews */ = {
			isa = PBXGroup;
			children = (
				058740032BA1967900C5B4F9 /* StepperWithTextFieldView.swift */,
			);
			path = CustomViews;
			sourceTree = "<group>";
		};
/* End PBXGroup section */

/* Begin PBXNativeTarget section */
		051C99B62ADD836000B60C65 /* ExpenseLog */ = {
			isa = PBXNativeTarget;
			buildConfigurationList = 051C99DB2ADD836000B60C65 /* Build configuration list for PBXNativeTarget "ExpenseLog" */;
			buildPhases = (
				051C99B32ADD836000B60C65 /* Sources */,
				051C99B42ADD836000B60C65 /* Frameworks */,
				051C99B52ADD836000B60C65 /* Resources */,
			);
			buildRules = (
			);
			dependencies = (
			);
			name = ExpenseLog;
			productName = ExpenseLog;
			productReference = 051C99B72ADD836000B60C65 /* ExpenseLog.app */;
			productType = "com.apple.product-type.application";
		};
		051C99C62ADD836000B60C65 /* ExpenseLogTests */ = {
			isa = PBXNativeTarget;
			buildConfigurationList = 051C99DE2ADD836000B60C65 /* Build configuration list for PBXNativeTarget "ExpenseLogTests" */;
			buildPhases = (
				051C99C32ADD836000B60C65 /* Sources */,
				051C99C42ADD836000B60C65 /* Frameworks */,
				051C99C52ADD836000B60C65 /* Resources */,
			);
			buildRules = (
			);
			dependencies = (
				051C99C92ADD836000B60C65 /* PBXTargetDependency */,
			);
			name = ExpenseLogTests;
			productName = ExpenseLogTests;
			productReference = 051C99C72ADD836000B60C65 /* ExpenseLogTests.xctest */;
			productType = "com.apple.product-type.bundle.unit-test";
		};
		051C99D02ADD836000B60C65 /* ExpenseLogUITests */ = {
			isa = PBXNativeTarget;
			buildConfigurationList = 051C99E12ADD836000B60C65 /* Build configuration list for PBXNativeTarget "ExpenseLogUITests" */;
			buildPhases = (
				051C99CD2ADD836000B60C65 /* Sources */,
				051C99CE2ADD836000B60C65 /* Frameworks */,
				051C99CF2ADD836000B60C65 /* Resources */,
			);
			buildRules = (
			);
			dependencies = (
				051C99D32ADD836000B60C65 /* PBXTargetDependency */,
			);
			name = ExpenseLogUITests;
			productName = ExpenseLogUITests;
			productReference = 051C99D12ADD836000B60C65 /* ExpenseLogUITests.xctest */;
			productType = "com.apple.product-type.bundle.ui-testing";
		};
/* End PBXNativeTarget section */

/* Begin PBXProject section */
		051C99AF2ADD835F00B60C65 /* Project object */ = {
			isa = PBXProject;
			attributes = {
				BuildIndependentTargetsInParallel = 1;
				LastSwiftUpdateCheck = 1500;
				LastUpgradeCheck = 1500;
				TargetAttributes = {
					051C99B62ADD836000B60C65 = {
						CreatedOnToolsVersion = 15.0;
					};
					051C99C62ADD836000B60C65 = {
						CreatedOnToolsVersion = 15.0;
						TestTargetID = 051C99B62ADD836000B60C65;
					};
					051C99D02ADD836000B60C65 = {
						CreatedOnToolsVersion = 15.0;
						TestTargetID = 051C99B62ADD836000B60C65;
					};
				};
			};
			buildConfigurationList = 051C99B22ADD835F00B60C65 /* Build configuration list for PBXProject "ExpenseLog" */;
			compatibilityVersion = "Xcode 14.0";
			developmentRegion = en;
			hasScannedForEncodings = 0;
			knownRegions = (
				en,
				Base,
			);
			mainGroup = 051C99AE2ADD835F00B60C65;
			productRefGroup = 051C99B82ADD836000B60C65 /* Products */;
			projectDirPath = "";
			projectRoot = "";
			targets = (
				051C99B62ADD836000B60C65 /* ExpenseLog */,
				051C99C62ADD836000B60C65 /* ExpenseLogTests */,
				051C99D02ADD836000B60C65 /* ExpenseLogUITests */,
			);
		};
/* End PBXProject section */

/* Begin PBXResourcesBuildPhase section */
		051C99B52ADD836000B60C65 /* Resources */ = {
			isa = PBXResourcesBuildPhase;
			buildActionMask = 2147483647;
			files = (
				051C99C22ADD836000B60C65 /* Preview Assets.xcassets in Resources */,
				051C99BF2ADD836000B60C65 /* Assets.xcassets in Resources */,
			);
			runOnlyForDeploymentPostprocessing = 0;
		};
		051C99C52ADD836000B60C65 /* Resources */ = {
			isa = PBXResourcesBuildPhase;
			buildActionMask = 2147483647;
			files = (
			);
			runOnlyForDeploymentPostprocessing = 0;
		};
		051C99CF2ADD836000B60C65 /* Resources */ = {
			isa = PBXResourcesBuildPhase;
			buildActionMask = 2147483647;
			files = (
			);
			runOnlyForDeploymentPostprocessing = 0;
		};
/* End PBXResourcesBuildPhase section */

/* Begin PBXSourcesBuildPhase section */
		051C99B32ADD836000B60C65 /* Sources */ = {
			isa = PBXSourcesBuildPhase;
			buildActionMask = 2147483647;
			files = (
				05765C0A2B6D3C87005D2DA9 /* FilteringHistory.swift in Sources */,
				050F22AD2B28A8C000632451 /* TodayExpenseListRowView.swift in Sources */,
				059BA5F62BF7FC89009C9AF8 /* MigrationToISO8601.swift in Sources */,
				05A637542ADEE3B500C47313 /* SettingsTabView.swift in Sources */,
				05AC0DAE2B61572500DE0F0D /* Date+Ext.swift in Sources */,
				05D3ADB42B1F4FEB0023A0E3 /* TodaysExpensesView.swift in Sources */,
				05D3ADB82B24B2020023A0E3 /* CurrentDayExpenses.swift in Sources */,
				0587400A2BAC974F00C5B4F9 /* ShowOrHideSectionsView.swift in Sources */,
				05528D022BB1DD1F00DE277B /* ManageDataScreen.swift in Sources */,
				05F2AEA32B04CE7600AE7C7F /* ExpenseLogContainer.swift in Sources */,
				0587400C2BACBA8000C5B4F9 /* ExpenseParameters.swift in Sources */,
				058740082BAB2E6D00C5B4F9 /* ExpenseFormView.swift in Sources */,
				05B842B12B7121D80015DD14 /* ExpenseListView.swift in Sources */,
				051C99BD2ADD836000B60C65 /* ContentView.swift in Sources */,
				058EBB852BB1E2E900AA2871 /* FeedbackForm.swift in Sources */,
				058740062BAB2DD800C5B4F9 /* ExpenseEditScreen.swift in Sources */,
				05D3ADB22B1E1DE80023A0E3 /* ExpenseEntityExtension.swift in Sources */,
				05586D832BD18F890029A4A3 /* CurrencyManager.swift in Sources */,
				05A637522ADEE3A000C47313 /* HistoryTabView.swift in Sources */,
				05F2AEAB2B04F2B100AE7C7F /* ExpensesDataModel.xcdatamodeld in Sources */,
				05528CFC2BAF5BF400DE277B /* ToggleView.swift in Sources */,
				055DE4802C32C61700605547 /* ExpenseDetailTextView.swift in Sources */,
				0559A12A2B27312C00001FCD /* TodayExpenseSectionFooter.swift in Sources */,
				05528D002BB1DA4600DE277B /* AboutScreen.swift in Sources */,
				05D9611F2C53DA0A00207FEA /* WebView.swift in Sources */,
				05D961232C53F4B900207FEA /* DeletedExpensesView.swift in Sources */,
				05528CFE2BAF63EE00DE277B /* SettingKeys.swift in Sources */,
				05A637502ADEE36F00C47313 /* TodayTabView.swift in Sources */,
				0559A1282B27311500001FCD /* TodayExpenseSectionHeader.swift in Sources */,
				05CC27A32B17996200D47F4D /* CurrencyPicker.swift in Sources */,
				058740042BA1967900C5B4F9 /* StepperWithTextFieldView.swift in Sources */,
				05FF4A672BC01789007F2CF5 /* Settings.swift in Sources */,
				05F2AEAF2B050D9400AE7C7F /* ExpenseEntryView.swift in Sources */,
				05D3ADB62B24B1480023A0E3 /* TodayEmptyView.swift in Sources */,
				0590F99F2C49567500A699F5 /* Locale+Ext.swift in Sources */,
				05D961192C502B7400207FEA /* DateSelectionView.swift in Sources */,
				0583888E2B7E5988005AC0BB /* ExpenseDetailsView.swift in Sources */,
				05D9611B2C5133C600207FEA /* ExpenseRowView.swift in Sources */,
				05FF4A692BC035E1007F2CF5 /* HistoryEmptyScreen.swift in Sources */,
				051C99BB2ADD836000B60C65 /* ExpenseLogApp.swift in Sources */,
				05AC0DB02B61574E00DE0F0D /* Decimal+Ext.swift in Sources */,
				05D9611D2C53D66200207FEA /* FeedbackFormView.swift in Sources */,
				0519DA882C34465D00978EED /* Inflection.swift in Sources */,
				0519DA862C340FF100978EED /* SFSymbolManager.swift in Sources */,
			);
			runOnlyForDeploymentPostprocessing = 0;
		};
		051C99C32ADD836000B60C65 /* Sources */ = {
			isa = PBXSourcesBuildPhase;
			buildActionMask = 2147483647;
			files = (
				051C99CC2ADD836000B60C65 /* ExpenseLogTests.swift in Sources */,
			);
			runOnlyForDeploymentPostprocessing = 0;
		};
		051C99CD2ADD836000B60C65 /* Sources */ = {
			isa = PBXSourcesBuildPhase;
			buildActionMask = 2147483647;
			files = (
				051C99D82ADD836000B60C65 /* ExpenseLogUITestsLaunchTests.swift in Sources */,
				051C99D62ADD836000B60C65 /* ExpenseLogUITests.swift in Sources */,
			);
			runOnlyForDeploymentPostprocessing = 0;
		};
/* End PBXSourcesBuildPhase section */

/* Begin PBXTargetDependency section */
		051C99C92ADD836000B60C65 /* PBXTargetDependency */ = {
			isa = PBXTargetDependency;
			target = 051C99B62ADD836000B60C65 /* ExpenseLog */;
			targetProxy = 051C99C82ADD836000B60C65 /* PBXContainerItemProxy */;
		};
		051C99D32ADD836000B60C65 /* PBXTargetDependency */ = {
			isa = PBXTargetDependency;
			target = 051C99B62ADD836000B60C65 /* ExpenseLog */;
			targetProxy = 051C99D22ADD836000B60C65 /* PBXContainerItemProxy */;
		};
/* End PBXTargetDependency section */

/* Begin XCBuildConfiguration section */
		051C99D92ADD836000B60C65 /* Debug */ = {
			isa = XCBuildConfiguration;
			buildSettings = {
				ALWAYS_SEARCH_USER_PATHS = NO;
				ASSETCATALOG_COMPILER_GENERATE_SWIFT_ASSET_SYMBOL_EXTENSIONS = YES;
				CLANG_ANALYZER_NONNULL = YES;
				CLANG_ANALYZER_NUMBER_OBJECT_CONVERSION = YES_AGGRESSIVE;
				CLANG_CXX_LANGUAGE_STANDARD = "gnu++20";
				CLANG_ENABLE_MODULES = YES;
				CLANG_ENABLE_OBJC_ARC = YES;
				CLANG_ENABLE_OBJC_WEAK = YES;
				CLANG_WARN_BLOCK_CAPTURE_AUTORELEASING = YES;
				CLANG_WARN_BOOL_CONVERSION = YES;
				CLANG_WARN_COMMA = YES;
				CLANG_WARN_CONSTANT_CONVERSION = YES;
				CLANG_WARN_DEPRECATED_OBJC_IMPLEMENTATIONS = YES;
				CLANG_WARN_DIRECT_OBJC_ISA_USAGE = YES_ERROR;
				CLANG_WARN_DOCUMENTATION_COMMENTS = YES;
				CLANG_WARN_EMPTY_BODY = YES;
				CLANG_WARN_ENUM_CONVERSION = YES;
				CLANG_WARN_INFINITE_RECURSION = YES;
				CLANG_WARN_INT_CONVERSION = YES;
				CLANG_WARN_NON_LITERAL_NULL_CONVERSION = YES;
				CLANG_WARN_OBJC_IMPLICIT_RETAIN_SELF = YES;
				CLANG_WARN_OBJC_LITERAL_CONVERSION = YES;
				CLANG_WARN_OBJC_ROOT_CLASS = YES_ERROR;
				CLANG_WARN_QUOTED_INCLUDE_IN_FRAMEWORK_HEADER = YES;
				CLANG_WARN_RANGE_LOOP_ANALYSIS = YES;
				CLANG_WARN_STRICT_PROTOTYPES = YES;
				CLANG_WARN_SUSPICIOUS_MOVE = YES;
				CLANG_WARN_UNGUARDED_AVAILABILITY = YES_AGGRESSIVE;
				CLANG_WARN_UNREACHABLE_CODE = YES;
				CLANG_WARN__DUPLICATE_METHOD_MATCH = YES;
				COPY_PHASE_STRIP = NO;
				DEBUG_INFORMATION_FORMAT = dwarf;
				ENABLE_STRICT_OBJC_MSGSEND = YES;
				ENABLE_TESTABILITY = YES;
				ENABLE_USER_SCRIPT_SANDBOXING = YES;
				GCC_C_LANGUAGE_STANDARD = gnu17;
				GCC_DYNAMIC_NO_PIC = NO;
				GCC_NO_COMMON_BLOCKS = YES;
				GCC_OPTIMIZATION_LEVEL = 0;
				GCC_PREPROCESSOR_DEFINITIONS = (
					"DEBUG=1",
					"$(inherited)",
				);
				GCC_WARN_64_TO_32_BIT_CONVERSION = YES;
				GCC_WARN_ABOUT_RETURN_TYPE = YES_ERROR;
				GCC_WARN_UNDECLARED_SELECTOR = YES;
				GCC_WARN_UNINITIALIZED_AUTOS = YES_AGGRESSIVE;
				GCC_WARN_UNUSED_FUNCTION = YES;
				GCC_WARN_UNUSED_VARIABLE = YES;
				IPHONEOS_DEPLOYMENT_TARGET = 17.0;
				LOCALIZATION_PREFERS_STRING_CATALOGS = YES;
				MTL_ENABLE_DEBUG_INFO = INCLUDE_SOURCE;
				MTL_FAST_MATH = YES;
				ONLY_ACTIVE_ARCH = YES;
				SDKROOT = iphoneos;
				SWIFT_ACTIVE_COMPILATION_CONDITIONS = "DEBUG $(inherited)";
				SWIFT_OPTIMIZATION_LEVEL = "-Onone";
			};
			name = Debug;
		};
		051C99DA2ADD836000B60C65 /* Release */ = {
			isa = XCBuildConfiguration;
			buildSettings = {
				ALWAYS_SEARCH_USER_PATHS = NO;
				ASSETCATALOG_COMPILER_GENERATE_SWIFT_ASSET_SYMBOL_EXTENSIONS = YES;
				CLANG_ANALYZER_NONNULL = YES;
				CLANG_ANALYZER_NUMBER_OBJECT_CONVERSION = YES_AGGRESSIVE;
				CLANG_CXX_LANGUAGE_STANDARD = "gnu++20";
				CLANG_ENABLE_MODULES = YES;
				CLANG_ENABLE_OBJC_ARC = YES;
				CLANG_ENABLE_OBJC_WEAK = YES;
				CLANG_WARN_BLOCK_CAPTURE_AUTORELEASING = YES;
				CLANG_WARN_BOOL_CONVERSION = YES;
				CLANG_WARN_COMMA = YES;
				CLANG_WARN_CONSTANT_CONVERSION = YES;
				CLANG_WARN_DEPRECATED_OBJC_IMPLEMENTATIONS = YES;
				CLANG_WARN_DIRECT_OBJC_ISA_USAGE = YES_ERROR;
				CLANG_WARN_DOCUMENTATION_COMMENTS = YES;
				CLANG_WARN_EMPTY_BODY = YES;
				CLANG_WARN_ENUM_CONVERSION = YES;
				CLANG_WARN_INFINITE_RECURSION = YES;
				CLANG_WARN_INT_CONVERSION = YES;
				CLANG_WARN_NON_LITERAL_NULL_CONVERSION = YES;
				CLANG_WARN_OBJC_IMPLICIT_RETAIN_SELF = YES;
				CLANG_WARN_OBJC_LITERAL_CONVERSION = YES;
				CLANG_WARN_OBJC_ROOT_CLASS = YES_ERROR;
				CLANG_WARN_QUOTED_INCLUDE_IN_FRAMEWORK_HEADER = YES;
				CLANG_WARN_RANGE_LOOP_ANALYSIS = YES;
				CLANG_WARN_STRICT_PROTOTYPES = YES;
				CLANG_WARN_SUSPICIOUS_MOVE = YES;
				CLANG_WARN_UNGUARDED_AVAILABILITY = YES_AGGRESSIVE;
				CLANG_WARN_UNREACHABLE_CODE = YES;
				CLANG_WARN__DUPLICATE_METHOD_MATCH = YES;
				COPY_PHASE_STRIP = NO;
				DEBUG_INFORMATION_FORMAT = "dwarf-with-dsym";
				ENABLE_NS_ASSERTIONS = NO;
				ENABLE_STRICT_OBJC_MSGSEND = YES;
				ENABLE_USER_SCRIPT_SANDBOXING = YES;
				GCC_C_LANGUAGE_STANDARD = gnu17;
				GCC_NO_COMMON_BLOCKS = YES;
				GCC_WARN_64_TO_32_BIT_CONVERSION = YES;
				GCC_WARN_ABOUT_RETURN_TYPE = YES_ERROR;
				GCC_WARN_UNDECLARED_SELECTOR = YES;
				GCC_WARN_UNINITIALIZED_AUTOS = YES_AGGRESSIVE;
				GCC_WARN_UNUSED_FUNCTION = YES;
				GCC_WARN_UNUSED_VARIABLE = YES;
				IPHONEOS_DEPLOYMENT_TARGET = 17.0;
				LOCALIZATION_PREFERS_STRING_CATALOGS = YES;
				MTL_ENABLE_DEBUG_INFO = NO;
				MTL_FAST_MATH = YES;
				SDKROOT = iphoneos;
				SWIFT_COMPILATION_MODE = wholemodule;
				VALIDATE_PRODUCT = YES;
			};
			name = Release;
		};
		051C99DC2ADD836000B60C65 /* Debug */ = {
			isa = XCBuildConfiguration;
			buildSettings = {
				ASSETCATALOG_COMPILER_APPICON_NAME = AppIcon;
				ASSETCATALOG_COMPILER_GLOBAL_ACCENT_COLOR_NAME = AccentColor;
				CODE_SIGN_STYLE = Automatic;
				CURRENT_PROJECT_VERSION = 5;
				DEVELOPMENT_ASSET_PATHS = "\"ExpenseLog/Preview Content\"";
				DEVELOPMENT_TEAM = 8LYJPF7G96;
				ENABLE_PREVIEWS = YES;
				GENERATE_INFOPLIST_FILE = YES;
				INFOPLIST_KEY_LSApplicationCategoryType = "public.app-category.finance";
				INFOPLIST_KEY_UIApplicationSceneManifest_Generation = YES;
				INFOPLIST_KEY_UIApplicationSupportsIndirectInputEvents = YES;
				INFOPLIST_KEY_UILaunchScreen_Generation = YES;
				INFOPLIST_KEY_UISupportedInterfaceOrientations = UIInterfaceOrientationPortrait;
				INFOPLIST_KEY_UISupportedInterfaceOrientations_iPad = "UIInterfaceOrientationLandscapeLeft UIInterfaceOrientationLandscapeRight UIInterfaceOrientationPortrait UIInterfaceOrientationPortraitUpsideDown";
				LD_RUNPATH_SEARCH_PATHS = (
					"$(inherited)",
					"@executable_path/Frameworks",
				);
				MARKETING_VERSION = 0.1;
				PRODUCT_BUNDLE_IDENTIFIER = com.tinciti.ExpenseLog;
				PRODUCT_NAME = "$(TARGET_NAME)";
				SUPPORTED_PLATFORMS = "iphoneos iphonesimulator";
				SUPPORTS_MACCATALYST = NO;
				SUPPORTS_MAC_DESIGNED_FOR_IPHONE_IPAD = NO;
				SUPPORTS_XR_DESIGNED_FOR_IPHONE_IPAD = NO;
				SWIFT_EMIT_LOC_STRINGS = YES;
				SWIFT_VERSION = 5.0;
				TARGETED_DEVICE_FAMILY = "1,2";
			};
			name = Debug;
		};
		051C99DD2ADD836000B60C65 /* Release */ = {
			isa = XCBuildConfiguration;
			buildSettings = {
				ASSETCATALOG_COMPILER_APPICON_NAME = AppIcon;
				ASSETCATALOG_COMPILER_GLOBAL_ACCENT_COLOR_NAME = AccentColor;
				CODE_SIGN_STYLE = Automatic;
				CURRENT_PROJECT_VERSION = 5;
				DEVELOPMENT_ASSET_PATHS = "\"ExpenseLog/Preview Content\"";
				DEVELOPMENT_TEAM = 8LYJPF7G96;
				ENABLE_PREVIEWS = YES;
				GENERATE_INFOPLIST_FILE = YES;
				INFOPLIST_KEY_LSApplicationCategoryType = "public.app-category.finance";
				INFOPLIST_KEY_UIApplicationSceneManifest_Generation = YES;
				INFOPLIST_KEY_UIApplicationSupportsIndirectInputEvents = YES;
				INFOPLIST_KEY_UILaunchScreen_Generation = YES;
				INFOPLIST_KEY_UISupportedInterfaceOrientations = UIInterfaceOrientationPortrait;
				INFOPLIST_KEY_UISupportedInterfaceOrientations_iPad = "UIInterfaceOrientationLandscapeLeft UIInterfaceOrientationLandscapeRight UIInterfaceOrientationPortrait UIInterfaceOrientationPortraitUpsideDown";
				LD_RUNPATH_SEARCH_PATHS = (
					"$(inherited)",
					"@executable_path/Frameworks",
				);
				MARKETING_VERSION = 0.1;
				PRODUCT_BUNDLE_IDENTIFIER = com.tinciti.ExpenseLog;
				PRODUCT_NAME = "$(TARGET_NAME)";
				SUPPORTED_PLATFORMS = "iphoneos iphonesimulator";
				SUPPORTS_MACCATALYST = NO;
				SUPPORTS_MAC_DESIGNED_FOR_IPHONE_IPAD = NO;
				SUPPORTS_XR_DESIGNED_FOR_IPHONE_IPAD = NO;
				SWIFT_EMIT_LOC_STRINGS = YES;
				SWIFT_VERSION = 5.0;
				TARGETED_DEVICE_FAMILY = "1,2";
			};
			name = Release;
		};
		051C99DF2ADD836000B60C65 /* Debug */ = {
			isa = XCBuildConfiguration;
			buildSettings = {
				ALWAYS_EMBED_SWIFT_STANDARD_LIBRARIES = YES;
				BUNDLE_LOADER = "$(TEST_HOST)";
				CODE_SIGN_STYLE = Automatic;
				CURRENT_PROJECT_VERSION = 1;
				DEVELOPMENT_TEAM = 8LYJPF7G96;
				GENERATE_INFOPLIST_FILE = YES;
				IPHONEOS_DEPLOYMENT_TARGET = 17.0;
				MARKETING_VERSION = 1.0;
				PRODUCT_BUNDLE_IDENTIFIER = com.tinciti.ExpenseLogTests;
				PRODUCT_NAME = "$(TARGET_NAME)";
				SWIFT_EMIT_LOC_STRINGS = NO;
				SWIFT_VERSION = 5.0;
				TARGETED_DEVICE_FAMILY = "1,2";
				TEST_HOST = "$(BUILT_PRODUCTS_DIR)/ExpenseLog.app/$(BUNDLE_EXECUTABLE_FOLDER_PATH)/ExpenseLog";
			};
			name = Debug;
		};
		051C99E02ADD836000B60C65 /* Release */ = {
			isa = XCBuildConfiguration;
			buildSettings = {
				ALWAYS_EMBED_SWIFT_STANDARD_LIBRARIES = YES;
				BUNDLE_LOADER = "$(TEST_HOST)";
				CODE_SIGN_STYLE = Automatic;
				CURRENT_PROJECT_VERSION = 1;
				DEVELOPMENT_TEAM = 8LYJPF7G96;
				GENERATE_INFOPLIST_FILE = YES;
				IPHONEOS_DEPLOYMENT_TARGET = 17.0;
				MARKETING_VERSION = 1.0;
				PRODUCT_BUNDLE_IDENTIFIER = com.tinciti.ExpenseLogTests;
				PRODUCT_NAME = "$(TARGET_NAME)";
				SWIFT_EMIT_LOC_STRINGS = NO;
				SWIFT_VERSION = 5.0;
				TARGETED_DEVICE_FAMILY = "1,2";
				TEST_HOST = "$(BUILT_PRODUCTS_DIR)/ExpenseLog.app/$(BUNDLE_EXECUTABLE_FOLDER_PATH)/ExpenseLog";
			};
			name = Release;
		};
		051C99E22ADD836000B60C65 /* Debug */ = {
			isa = XCBuildConfiguration;
			buildSettings = {
				ALWAYS_EMBED_SWIFT_STANDARD_LIBRARIES = YES;
				CODE_SIGN_STYLE = Automatic;
				CURRENT_PROJECT_VERSION = 1;
				DEVELOPMENT_TEAM = 8LYJPF7G96;
				GENERATE_INFOPLIST_FILE = YES;
				MARKETING_VERSION = 1.0;
				PRODUCT_BUNDLE_IDENTIFIER = com.tinciti.ExpenseLogUITests;
				PRODUCT_NAME = "$(TARGET_NAME)";
				SWIFT_EMIT_LOC_STRINGS = NO;
				SWIFT_VERSION = 5.0;
				TARGETED_DEVICE_FAMILY = "1,2";
				TEST_TARGET_NAME = ExpenseLog;
			};
			name = Debug;
		};
		051C99E32ADD836000B60C65 /* Release */ = {
			isa = XCBuildConfiguration;
			buildSettings = {
				ALWAYS_EMBED_SWIFT_STANDARD_LIBRARIES = YES;
				CODE_SIGN_STYLE = Automatic;
				CURRENT_PROJECT_VERSION = 1;
				DEVELOPMENT_TEAM = 8LYJPF7G96;
				GENERATE_INFOPLIST_FILE = YES;
				MARKETING_VERSION = 1.0;
				PRODUCT_BUNDLE_IDENTIFIER = com.tinciti.ExpenseLogUITests;
				PRODUCT_NAME = "$(TARGET_NAME)";
				SWIFT_EMIT_LOC_STRINGS = NO;
				SWIFT_VERSION = 5.0;
				TARGETED_DEVICE_FAMILY = "1,2";
				TEST_TARGET_NAME = ExpenseLog;
			};
			name = Release;
		};
/* End XCBuildConfiguration section */

/* Begin XCConfigurationList section */
		051C99B22ADD835F00B60C65 /* Build configuration list for PBXProject "ExpenseLog" */ = {
			isa = XCConfigurationList;
			buildConfigurations = (
				051C99D92ADD836000B60C65 /* Debug */,
				051C99DA2ADD836000B60C65 /* Release */,
			);
			defaultConfigurationIsVisible = 0;
			defaultConfigurationName = Release;
		};
		051C99DB2ADD836000B60C65 /* Build configuration list for PBXNativeTarget "ExpenseLog" */ = {
			isa = XCConfigurationList;
			buildConfigurations = (
				051C99DC2ADD836000B60C65 /* Debug */,
				051C99DD2ADD836000B60C65 /* Release */,
			);
			defaultConfigurationIsVisible = 0;
			defaultConfigurationName = Release;
		};
		051C99DE2ADD836000B60C65 /* Build configuration list for PBXNativeTarget "ExpenseLogTests" */ = {
			isa = XCConfigurationList;
			buildConfigurations = (
				051C99DF2ADD836000B60C65 /* Debug */,
				051C99E02ADD836000B60C65 /* Release */,
			);
			defaultConfigurationIsVisible = 0;
			defaultConfigurationName = Release;
		};
		051C99E12ADD836000B60C65 /* Build configuration list for PBXNativeTarget "ExpenseLogUITests" */ = {
			isa = XCConfigurationList;
			buildConfigurations = (
				051C99E22ADD836000B60C65 /* Debug */,
				051C99E32ADD836000B60C65 /* Release */,
			);
			defaultConfigurationIsVisible = 0;
			defaultConfigurationName = Release;
		};
/* End XCConfigurationList section */

/* Begin XCVersionGroup section */
		05F2AEA92B04F2B100AE7C7F /* ExpensesDataModel.xcdatamodeld */ = {
			isa = XCVersionGroup;
			children = (
				05F2AEAA2B04F2B100AE7C7F /* ExpensesDataModel.xcdatamodel */,
			);
			currentVersion = 05F2AEAA2B04F2B100AE7C7F /* ExpensesDataModel.xcdatamodel */;
			path = ExpensesDataModel.xcdatamodeld;
			sourceTree = "<group>";
			versionGroupType = wrapper.xcdatamodel;
		};
/* End XCVersionGroup section */
	};
	rootObject = 051C99AF2ADD835F00B60C65 /* Project object */;
}
